
Microsoft Visual Studio Solution File, Format Version 12.00
# Visual Studio Version 17
VisualStudioVersion = 17.8.34525.116
MinimumVisualStudioVersion = 10.0.40219.1
Project("{FAE04EC0-301F-11D3-BF4B-00C04F79EFBC}") = "Pixsys.Library.Mail.MailManager", "Pixsys.Library.Mail.MailManager\Pixsys.Library.Mail.MailManager.csproj", "{C3DDDF54-01E5-47C1-AEB2-CC420D51F0BE}"
EndProject
Global
	GlobalSection(SolutionConfigurationPlatforms) = preSolution
		Debug|Any CPU = Debug|Any CPU
		Release|Any CPU = Release|Any CPU
	EndGlobalSection
	GlobalSection(ProjectConfigurationPlatforms) = postSolution
		{C3DDDF54-01E5-47C1-AEB2-CC420D51F0BE}.Debug|Any CPU.ActiveCfg = Debug|Any CPU
		{C3DDDF54-01E5-47C1-AEB2-CC420D51F0BE}.Debug|Any CPU.Build.0 = Debug|Any CPU
		{C3DDDF54-01E5-47C1-AEB2-CC420D51F0BE}.Release|Any CPU.ActiveCfg = Release|Any CPU
		{C3DDDF54-01E5-47C1-AEB2-CC420D51F0BE}.Release|Any CPU.Build.0 = Release|Any CPU
	EndGlobalSection
	GlobalSection(SolutionProperties) = preSolution
		HideSolutionNode = FALSE
	EndGlobalSection
	GlobalSection(ExtensibilityGlobals) = postSolution
		SolutionGuid = {A786D52B-29CD-4000-8113-FEAAD09E688F}
	EndGlobalSection
EndGlobal
